Microsoft Visual Studio Solution File, Format Version 12.00
# Visual Studio 15
VisualStudioVersion = 15.0.28307.106
MinimumVisualStudioVersion = 10.0.40219.1
Project("{9A19103F-16F7-4668-BE54-9A1E7A4F7556}") = "XamarinFirebaseSample", "XamarinFirebaseSample\XamarinFirebaseSample\XamarinFirebaseSample.csproj", "{D32E8961-E30E-46A7-A479-A5A8F6F2F1CB}"
EndProject
Project("{FAE04EC0-301F-11D3-BF4B-00C04F79EFBC}") = "XamarinFirebaseSample.Android", "XamarinFirebaseSample\XamarinFirebaseSample.Android\XamarinFirebaseSample.Android.csproj", "{D58B9656-018F-4545-BABA-12B3FAD6397E}"
EndProject
Project("{FAE04EC0-301F-11D3-BF4B-00C04F79EFBC}") = "XamarinFirebaseSample.iOS", "XamarinFirebaseSample\XamarinFirebaseSample.iOS\XamarinFirebaseSample.iOS.csproj", "{E672F968-889F-498A-BFA6-41864C49940F}"
EndProject
Global
	GlobalSection(SolutionConfigurationPlatforms) = preSolution
		Ad-Hoc|Any CPU = Ad-Hoc|Any CPU
		Ad-Hoc|iPhone = Ad-Hoc|iPhone
		Ad-Hoc|iPhoneSimulator = Ad-Hoc|iPhoneSimulator
		AppStore|Any CPU = AppStore|Any CPU
		AppStore|iPhone = AppStore|iPhone
		AppStore|iPhoneSimulator = AppStore|iPhoneSimulator
		Debug|Any CPU = Debug|Any CPU
		Debug|iPhone = Debug|iPhone
		Debug|iPhoneSimulator = Debug|iPhoneSimulator
		Release|Any CPU = Release|Any CPU
		Release|iPhone = Release|iPhone
		Release|iPhoneSimulator = Release|iPhoneSimulator
	EndGlobalSection
	GlobalSection(ProjectConfigurationPlatforms) = postSolution
		{D32E8961-E30E-46A7-A479-A5A8F6F2F1CB}.Ad-Hoc|Any CPU.ActiveCfg = Release|Any CPU
		{D32E8961-E30E-46A7-A479-A5A8F6F2F1CB}.Ad-Hoc|Any CPU.Build.0 = Release|Any CPU
		{D32E8961-E30E-46A7-A479-A5A8F6F2F1CB}.Ad-Hoc|iPhone.ActiveCfg = Debug|Any CPU
		{D32E8961-E30E-46A7-A479-A5A8F6F2F1CB}.Ad-Hoc|iPhone.Build.0 = Debug|Any CPU
		{D32E8961-E30E-46A7-A479-A5A8F6F2F1CB}.Ad-Hoc|iPhoneSimulator.ActiveCfg = Release|Any CPU
		{D32E8961-E30E-46A7-A479-A5A8F6F2F1CB}.Ad-Hoc|iPhoneSimulator.Build.0 = Release|Any CPU
		{D32E8961-E30E-46A7-A479-A5A8F6F2F1CB}.AppStore|Any CPU.ActiveCfg = Release|Any CPU
		{D32E8961-E30E-46A7-A479-A5A8F6F2F1CB}.AppStore|Any CPU.Build.0 = Release|Any CPU
		{D32E8961-E30E-46A7-A479-A5A8F6F2F1CB}.AppStore|iPhone.ActiveCfg = Debug|Any CPU
		{D32E8961-E30E-46A7-A479-A5A8F6F2F1CB}.AppStore|iPhone.Build.0 = Debug|Any CPU
		{D32E8961-E30E-46A7-A479-A5A8F6F2F1CB}.AppStore|iPhoneSimulator.ActiveCfg = Release|Any CPU
		{D32E8961-E30E-46A7-A479-A5A8F6F2F1CB}.AppStore|iPhoneSimulator.Build.0 = Release|Any CPU
		{D32E8961-E30E-46A7-A479-A5A8F6F2F1CB}.Debug|Any CPU.ActiveCfg = Debug|Any CPU
		{D32E8961-E30E-46A7-A479-A5A8F6F2F1CB}.Debug|Any CPU.Build.0 = Debug|Any CPU
		{D32E8961-E30E-46A7-A479-A5A8F6F2F1CB}.Debug|iPhone.ActiveCfg = Debug|Any CPU
		{D32E8961-E30E-46A7-A479-A5A8F6F2F1CB}.Debug|iPhone.Build.0 = Debug|Any CPU
		{D32E8961-E30E-46A7-A479-A5A8F6F2F1CB}.Debug|iPhoneSimulator.ActiveCfg = Debug|Any CPU
		{D32E8961-E30E-46A7-A479-A5A8F6F2F1CB}.Debug|iPhoneSimulator.Build.0 = Debug|Any CPU
		{D32E8961-E30E-46A7-A479-A5A8F6F2F1CB}.Release|Any CPU.ActiveCfg = Release|Any CPU
		{D32E8961-E30E-46A7-A479-A5A8F6F2F1CB}.Release|Any CPU.Build.0 = Release|Any CPU
		{D32E8961-E30E-46A7-A479-A5A8F6F2F1CB}.Release|iPhone.ActiveCfg = Release|Any CPU
		{D32E8961-E30E-46A7-A479-A5A8F6F2F1CB}.Release|iPhone.Build.0 = Release|Any CPU
		{D32E8961-E30E-46A7-A479-A5A8F6F2F1CB}.Release|iPhoneSimulator.ActiveCfg = Release|Any CPU
		{D32E8961-E30E-46A7-A479-A5A8F6F2F1CB}.Release|iPhoneSimulator.Build.0 = Release|Any CPU
		{D58B9656-018F-4545-BABA-12B3FAD6397E}.Ad-Hoc|Any CPU.ActiveCfg = Release|Any CPU
		{D58B9656-018F-4545-BABA-12B3FAD6397E}.Ad-Hoc|Any CPU.Build.0 = Release|Any CPU
		{D58B9656-018F-4545-BABA-12B3FAD6397E}.Ad-Hoc|Any CPU.Deploy.0 = Release|Any CPU
		{D58B9656-018F-4545-BABA-12B3FAD6397E}.Ad-Hoc|iPhone.ActiveCfg = Debug|Any CPU
		{D58B9656-018F-4545-BABA-12B3FAD6397E}.Ad-Hoc|iPhone.Build.0 = Debug|Any CPU
		{D58B9656-018F-4545-BABA-12B3FAD6397E}.Ad-Hoc|iPhoneSimulator.ActiveCfg = Release|Any CPU
		{D58B9656-018F-4545-BABA-12B3FAD6397E}.Ad-Hoc|iPhoneSimulator.Build.0 = Release|Any CPU
		{D58B9656-018F-4545-BABA-12B3FAD6397E}.Ad-Hoc|iPhoneSimulator.Deploy.0 = Release|Any CPU
		{D58B9656-018F-4545-BABA-12B3FAD6397E}.AppStore|Any CPU.ActiveCfg = Release|Any CPU
		{D58B9656-018F-4545-BABA-12B3FAD6397E}.AppStore|Any CPU.Build.0 = Release|Any CPU
		{D58B9656-018F-4545-BABA-12B3FAD6397E}.AppStore|Any CPU.Deploy.0 = Release|Any CPU
		{D58B9656-018F-4545-BABA-12B3FAD6397E}.AppStore|iPhone.ActiveCfg = Debug|Any CPU
		{D58B9656-018F-4545-BABA-12B3FAD6397E}.AppStore|iPhone.Build.0 = Debug|Any CPU
		{D58B9656-018F-4545-BABA-12B3FAD6397E}.AppStore|iPhoneSimulator.ActiveCfg = Release|Any CPU
		{D58B9656-018F-4545-BABA-12B3FAD6397E}.AppStore|iPhoneSimulator.Build.0 = Release|Any CPU
		{D58B9656-018F-4545-BABA-12B3FAD6397E}.AppStore|iPhoneSimulator.Deploy.0 = Release|Any CPU
		{D58B9656-018F-4545-BABA-12B3FAD6397E}.Debug|Any CPU.ActiveCfg = Debug|Any CPU
		{D58B9656-018F-4545-BABA-12B3FAD6397E}.Debug|Any CPU.Build.0 = Debug|Any CPU
		{D58B9656-018F-4545-BABA-12B3FAD6397E}.Debug|iPhone.ActiveCfg = Debug|Any CPU
		{D58B9656-018F-4545-BABA-12B3FAD6397E}.Debug|iPhone.Build.0 = Debug|Any CPU
		{D58B9656-018F-4545-BABA-12B3FAD6397E}.Debug|iPhoneSimulator.ActiveCfg = Debug|Any CPU
		{D58B9656-018F-4545-BABA-12B3FAD6397E}.Debug|iPhoneSimulator.Build.0 = Debug|Any CPU
		{D58B9656-018F-4545-BABA-12B3FAD6397E}.Release|Any CPU.ActiveCfg = Release|Any CPU
		{D58B9656-018F-4545-BABA-12B3FAD6397E}.Release|Any CPU.Build.0 = Release|Any CPU
		{D58B9656-018F-4545-BABA-12B3FAD6397E}.Release|iPhone.ActiveCfg = Release|Any CPU
		{D58B9656-018F-4545-BABA-12B3FAD6397E}.Release|iPhone.Build.0 = Release|Any CPU
		{D58B9656-018F-4545-BABA-12B3FAD6397E}.Release|iPhoneSimulator.ActiveCfg = Release|Any CPU
		{D58B9656-018F-4545-BABA-12B3FAD6397E}.Release|iPhoneSimulator.Build.0 = Release|Any CPU
		{E672F968-889F-498A-BFA6-41864C49940F}.Ad-Hoc|Any CPU.ActiveCfg = Ad-Hoc|iPhoneSimulator
		{E672F968-889F-498A-BFA6-41864C49940F}.Ad-Hoc|iPhone.ActiveCfg = Ad-Hoc|iPhone
		{E672F968-889F-498A-BFA6-41864C49940F}.Ad-Hoc|iPhone.Build.0 = Ad-Hoc|iPhone
		{E672F968-889F-498A-BFA6-41864C49940F}.Ad-Hoc|iPhoneSimulator.ActiveCfg = Ad-Hoc|iPhoneSimulator
		{E672F968-889F-498A-BFA6-41864C49940F}.Ad-Hoc|iPhoneSimulator.Build.0 = Ad-Hoc|iPhoneSimulator
		{E672F968-889F-498A-BFA6-41864C49940F}.AppStore|Any CPU.ActiveCfg = AppStore|iPhoneSimulator
		{E672F968-889F-498A-BFA6-41864C49940F}.AppStore|iPhone.ActiveCfg = AppStore|iPhone
		{E672F968-889F-498A-BFA6-41864C49940F}.AppStore|iPhone.Build.0 = AppStore|iPhone
		{E672F968-889F-498A-BFA6-41864C49940F}.AppStore|iPhoneSimulator.ActiveCfg = AppStore|iPhoneSimulator
		{E672F968-889F-498A-BFA6-41864C49940F}.AppStore|iPhoneSimulator.Build.0 = AppStore|iPhoneSimulator
		{E672F968-889F-498A-BFA6-41864C49940F}.Debug|Any CPU.ActiveCfg = Debug|iPhoneSimulator
		{E672F968-889F-498A-BFA6-41864C49940F}.Debug|Any CPU.Build.0 = Debug|iPhoneSimulator
		{E672F968-889F-498A-BFA6-41864C49940F}.Debug|iPhone.ActiveCfg = Debug|iPhone
		{E672F968-889F-498A-BFA6-41864C49940F}.Debug|iPhone.Build.0 = Debug|iPhone
		{E672F968-889F-498A-BFA6-41864C49940F}.Debug|iPhoneSimulator.ActiveCfg = Debug|iPhoneSimulator
		{E672F968-889F-498A-BFA6-41864C49940F}.Debug|iPhoneSimulator.Build.0 = Debug|iPhoneSimulator
		{E672F968-889F-498A-BFA6-41864C49940F}.Release|Any CPU.ActiveCfg = Release|iPhoneSimulator
		{E672F968-889F-498A-BFA6-41864C49940F}.Release|Any CPU.Build.0 = Release|iPhoneSimulator
		{E672F968-889F-498A-BFA6-41864C49940F}.Release|iPhone.ActiveCfg = Release|iPhone
		{E672F968-889F-498A-BFA6-41864C49940F}.Release|iPhone.Build.0 = Release|iPhone
		{E672F968-889F-498A-BFA6-41864C49940F}.Release|iPhoneSimulator.ActiveCfg = Release|iPhoneSimulator
		{E672F968-889F-498A-BFA6-41864C49940F}.Release|iPhoneSimulator.Build.0 = Release|iPhoneSimulator
	EndGlobalSection
	GlobalSection(SolutionProperties) = preSolution
		HideSolutionNode = FALSE
	EndGlobalSection
	GlobalSection(ExtensibilityGlobals) = postSolution
		SolutionGuid = {95749AFA-8900-4C45-A2C0-DCB0B79EC764}
	EndGlobalSection
EndGlobal
